
Microsoft Visual Studio Solution File, Format Version 12.00
# Visual Studio Version 17
VisualStudioVersion = 17.3.32901.215
MinimumVisualStudioVersion = 10.0.40219.1
Project("{9A19103F-16F7-4668-BE54-9A1E7A4F7556}") = "lavender", "lavender\lavender.csproj", "{CB17EE32-9804-4BE3-8862-D9933AF81265}"
EndProject
Project("{9A19103F-16F7-4668-BE54-9A1E7A4F7556}") = "LavLibrary2", "LavLibrary2\LavLibrary2.csproj", "{12ED97F6-CA2B-4C24-90B1-5B11D7289F30}"
EndProject
Project("{FAE04EC0-301F-11D3-BF4B-00C04F79EFBC}") = "logger", "logger\logger.csproj", "{8215971E-5F39-49E7-80B7-AF2371E531B7}"
EndProject
Global
	GlobalSection(SolutionConfigurationPlatforms) = preSolution
		Debug|Any CPU = Debug|Any CPU
		Release|Any CPU = Release|Any CPU
	EndGlobalSection
	GlobalSection(ProjectConfigurationPlatforms) = postSolution
		{CB17EE32-9804-4BE3-8862-D9933AF81265}.Debug|Any CPU.ActiveCfg = Debug|Any CPU
		{CB17EE32-9804-4BE3-8862-D9933AF81265}.Debug|Any CPU.Build.0 = Debug|Any CPU
		{CB17EE32-9804-4BE3-8862-D9933AF81265}.Release|Any CPU.ActiveCfg = Release|Any CPU
		{CB17EE32-9804-4BE3-8862-D9933AF81265}.Release|Any CPU.Build.0 = Release|Any CPU
		{12ED97F6-CA2B-4C24-90B1-5B11D7289F30}.Debug|Any CPU.ActiveCfg = Debug|Any CPU
		{12ED97F6-CA2B-4C24-90B1-5B11D7289F30}.Debug|Any CPU.Build.0 = Debug|Any CPU
		{12ED97F6-CA2B-4C24-90B1-5B11D7289F30}.Release|Any CPU.ActiveCfg = Release|Any CPU
		{12ED97F6-CA2B-4C24-90B1-5B11D7289F30}.Release|Any CPU.Build.0 = Release|Any CPU
		{8215971E-5F39-49E7-80B7-AF2371E531B7}.Debug|Any CPU.ActiveCfg = Debug|Any CPU
		{8215971E-5F39-49E7-80B7-AF2371E531B7}.Debug|Any CPU.Build.0 = Debug|Any CPU
		{8215971E-5F39-49E7-80B7-AF2371E531B7}.Release|Any CPU.ActiveCfg = Release|Any CPU
		{8215971E-5F39-49E7-80B7-AF2371E531B7}.Release|Any CPU.Build.0 = Release|Any CPU
	EndGlobalSection
	GlobalSection(SolutionProperties) = preSolution
		HideSolutionNode = FALSE
	EndGlobalSection
	GlobalSection(ExtensibilityGlobals) = postSolution
		SolutionGuid = {DD3DFC4F-8C41-42D2-8A1A-3C93A0343648}
	EndGlobalSection
EndGlobal
